# This file is autogenerated, do not edit; changes may be undone by the next 'dep ensure'.


[[projects]]
  branch = "master"
  digest = "1:584a7c049548c4a086af931be07f59598f5dacc1c54dab50887682826f9ab565"
  name = "github.com/dimfeld/httppath"
  packages = ["."]
  pruneopts = ""
  revision = "ee938bf735983d53694d79138ad9820efff94c92"

[[projects]]
  digest = "1:ed8906e620b0e752212bdd8a101c81f79891ec04fa8f232c817ae5c51201ff41"
  name = "github.com/goadesign/goa"
  packages = [
    "design",
    "design/apidsl",
    "dslengine",
  ]
  pruneopts = ""
  revision = "e01bb31dd9403fa9d40747e1f93345bc96ea675e"
  version = "v1.4.0"

[[projects]]
  branch = "master"
  digest = "1:2f1b78da73e0796379db3a48981c81af18d520557f38855e230c4727cbfa0a9c"
  name = "github.com/manveru/faker"
  packages = ["."]
  pruneopts = ""
  revision = "9fbc68a78c4dbc7914e1a23f88f126bea4383b97"

[[projects]]
  digest = "1:d4fec58ef1540ef89350bf22c25e013a9f9f57de12180d9067a1e25a5925d99b"
  name = "github.com/satori/go.uuid"
  packages = ["."]
  pruneopts = ""
  revision = "36e9d2ebbde5e3f13ab2e25625fd453271d6522e"

[[projects]]
  branch = "master"
  digest = "1:28073fcc03cc7deaa53696f5cae2ab4cfa93ddb1727f37b3ce8a649c0c61dfe3"
  name = "github.com/zach-klippenstein/goregen"
  packages = ["."]
  pruneopts = ""
  revision = "795b5e3961ea1912fde60af417ad85e86acc0d6a"

[solve-meta]
  analyzer-name = "dep"
  analyzer-version = 1
  input-imports = [
    "github.com/goadesign/goa/design",
    "github.com/goadesign/goa/design/apidsl",
  ]
  solver-name = "gps-cdcl"
  solver-version = 1
